
Microsoft Visual Studio Solution File, Format Version 12.00
# Visual Studio Version 17
VisualStudioVersion = 17.12.35707.178
MinimumVisualStudioVersion = 10.0.40219.1
Project("{2150E333-8FDC-42A3-9474-1A3956D46DE8}") = "Services", "Services", "{2D5A8393-4B21-4DAE-AE42-C4CF3DB18B8E}"
EndProject
Project("{2150E333-8FDC-42A3-9474-1A3956D46DE8}") = "Catalog", "Catalog", "{97FD3A34-8129-453D-B913-5FFD0A36354E}"
EndProject
Project("{FAE04EC0-301F-11D3-BF4B-00C04F79EFBC}") = "Catalog.API", "src\Services\Catalog\Catalog.API\Catalog.API.csproj", "{9008CDE8-F2DD-43F4-ABA4-A618F928CA76}"
EndProject
Project("{2150E333-8FDC-42A3-9474-1A3956D46DE8}") = "BuildingBlocks", "BuildingBlocks", "{A8A46F9A-840E-4F42-A740-18F3039CA038}"
EndProject
Project("{FAE04EC0-301F-11D3-BF4B-00C04F79EFBC}") = "BuildingBlocks", "src\BuildingBlocks\BuildingBlocks\BuildingBlocks.csproj", "{0DE21567-2B89-4411-BDFB-B396CB26ECA0}"
EndProject
Project("{E53339B2-1760-4266-BCC7-CA923CBCF16C}") = "docker-compose", "docker-compose.dcproj", "{3C2E19BD-0B5F-4C31-85EB-3D68DB69ABAE}"
EndProject
Project("{2150E333-8FDC-42A3-9474-1A3956D46DE8}") = "Basket", "Basket", "{8971DD8D-F351-4048-B3C4-A19E2930F6FF}"
EndProject
Project("{FAE04EC0-301F-11D3-BF4B-00C04F79EFBC}") = "Basket.API", "src\Services\Basket\Basket.API\Basket.API.csproj", "{3374FD64-41B0-46A0-BD76-5901A34B4729}"
EndProject
Project("{2150E333-8FDC-42A3-9474-1A3956D46DE8}") = "Discount", "Discount", "{6F2B606C-52F9-4782-8730-07EFFCD127A5}"
EndProject
Project("{FAE04EC0-301F-11D3-BF4B-00C04F79EFBC}") = "Discount.Grpc", "src\Services\Discount\Discount.Grpc\Discount.Grpc.csproj", "{B6469630-B1D1-4ABC-A75F-7CC03647CC05}"
EndProject
Project("{2150E333-8FDC-42A3-9474-1A3956D46DE8}") = "Ordering", "Ordering", "{D590A45D-D3AD-4369-A518-4BD14E746E8C}"
EndProject
Project("{FAE04EC0-301F-11D3-BF4B-00C04F79EFBC}") = "Ordering.API", "src\Services\Ordering\Ordering.API\Ordering.API.csproj", "{B7B1EBBB-2E9E-48F0-A13E-BF8203B3B5B5}"
EndProject
Project("{FAE04EC0-301F-11D3-BF4B-00C04F79EFBC}") = "Ordering.Application", "src\Services\Ordering\Ordering.Application\Ordering.Application.csproj", "{9FC1CD7F-F3EE-4BB2-9845-D7CCCA49A2E6}"
EndProject
Project("{FAE04EC0-301F-11D3-BF4B-00C04F79EFBC}") = "Ordering.Domain", "src\Services\Ordering\Ordering.Domain\Ordering.Domain.csproj", "{12BB7E40-1B65-4E24-A632-790A2CD658AA}"
EndProject
Project("{FAE04EC0-301F-11D3-BF4B-00C04F79EFBC}") = "Ordering.Infrastructure", "src\Services\Ordering\Ordering.Infrastructure\Ordering.Infrastructure.csproj", "{34E2709F-E262-4D4E-BECC-8E4729B182F7}"
EndProject
Global
	GlobalSection(SolutionConfigurationPlatforms) = preSolution
		Debug|Any CPU = Debug|Any CPU
		Release|Any CPU = Release|Any CPU
	EndGlobalSection
	GlobalSection(ProjectConfigurationPlatforms) = postSolution
		{9008CDE8-F2DD-43F4-ABA4-A618F928CA76}.Debug|Any CPU.ActiveCfg = Debug|Any CPU
		{9008CDE8-F2DD-43F4-ABA4-A618F928CA76}.Debug|Any CPU.Build.0 = Debug|Any CPU
		{9008CDE8-F2DD-43F4-ABA4-A618F928CA76}.Release|Any CPU.ActiveCfg = Release|Any CPU
		{9008CDE8-F2DD-43F4-ABA4-A618F928CA76}.Release|Any CPU.Build.0 = Release|Any CPU
		{0DE21567-2B89-4411-BDFB-B396CB26ECA0}.Debug|Any CPU.ActiveCfg = Debug|Any CPU
		{0DE21567-2B89-4411-BDFB-B396CB26ECA0}.Debug|Any CPU.Build.0 = Debug|Any CPU
		{0DE21567-2B89-4411-BDFB-B396CB26ECA0}.Release|Any CPU.ActiveCfg = Release|Any CPU
		{0DE21567-2B89-4411-BDFB-B396CB26ECA0}.Release|Any CPU.Build.0 = Release|Any CPU
		{3C2E19BD-0B5F-4C31-85EB-3D68DB69ABAE}.Debug|Any CPU.ActiveCfg = Debug|Any CPU
		{3C2E19BD-0B5F-4C31-85EB-3D68DB69ABAE}.Debug|Any CPU.Build.0 = Debug|Any CPU
		{3C2E19BD-0B5F-4C31-85EB-3D68DB69ABAE}.Release|Any CPU.ActiveCfg = Release|Any CPU
		{3C2E19BD-0B5F-4C31-85EB-3D68DB69ABAE}.Release|Any CPU.Build.0 = Release|Any CPU
		{3374FD64-41B0-46A0-BD76-5901A34B4729}.Debug|Any CPU.ActiveCfg = Debug|Any CPU
		{3374FD64-41B0-46A0-BD76-5901A34B4729}.Debug|Any CPU.Build.0 = Debug|Any CPU
		{3374FD64-41B0-46A0-BD76-5901A34B4729}.Release|Any CPU.ActiveCfg = Release|Any CPU
		{3374FD64-41B0-46A0-BD76-5901A34B4729}.Release|Any CPU.Build.0 = Release|Any CPU
		{B6469630-B1D1-4ABC-A75F-7CC03647CC05}.Debug|Any CPU.ActiveCfg = Debug|Any CPU
		{B6469630-B1D1-4ABC-A75F-7CC03647CC05}.Debug|Any CPU.Build.0 = Debug|Any CPU
		{B6469630-B1D1-4ABC-A75F-7CC03647CC05}.Release|Any CPU.ActiveCfg = Release|Any CPU
		{B6469630-B1D1-4ABC-A75F-7CC03647CC05}.Release|Any CPU.Build.0 = Release|Any CPU
		{B7B1EBBB-2E9E-48F0-A13E-BF8203B3B5B5}.Debug|Any CPU.ActiveCfg = Debug|Any CPU
		{B7B1EBBB-2E9E-48F0-A13E-BF8203B3B5B5}.Debug|Any CPU.Build.0 = Debug|Any CPU
		{B7B1EBBB-2E9E-48F0-A13E-BF8203B3B5B5}.Release|Any CPU.ActiveCfg = Release|Any CPU
		{B7B1EBBB-2E9E-48F0-A13E-BF8203B3B5B5}.Release|Any CPU.Build.0 = Release|Any CPU
		{9FC1CD7F-F3EE-4BB2-9845-D7CCCA49A2E6}.Debug|Any CPU.ActiveCfg = Debug|Any CPU
		{9FC1CD7F-F3EE-4BB2-9845-D7CCCA49A2E6}.Debug|Any CPU.Build.0 = Debug|Any CPU
		{9FC1CD7F-F3EE-4BB2-9845-D7CCCA49A2E6}.Release|Any CPU.ActiveCfg = Release|Any CPU
		{9FC1CD7F-F3EE-4BB2-9845-D7CCCA49A2E6}.Release|Any CPU.Build.0 = Release|Any CPU
		{12BB7E40-1B65-4E24-A632-790A2CD658AA}.Debug|Any CPU.ActiveCfg = Debug|Any CPU
		{12BB7E40-1B65-4E24-A632-790A2CD658AA}.Debug|Any CPU.Build.0 = Debug|Any CPU
		{12BB7E40-1B65-4E24-A632-790A2CD658AA}.Release|Any CPU.ActiveCfg = Release|Any CPU
		{12BB7E40-1B65-4E24-A632-790A2CD658AA}.Release|Any CPU.Build.0 = Release|Any CPU
		{34E2709F-E262-4D4E-BECC-8E4729B182F7}.Debug|Any CPU.ActiveCfg = Debug|Any CPU
		{34E2709F-E262-4D4E-BECC-8E4729B182F7}.Debug|Any CPU.Build.0 = Debug|Any CPU
		{34E2709F-E262-4D4E-BECC-8E4729B182F7}.Release|Any CPU.ActiveCfg = Release|Any CPU
		{34E2709F-E262-4D4E-BECC-8E4729B182F7}.Release|Any CPU.Build.0 = Release|Any CPU
	EndGlobalSection
	GlobalSection(SolutionProperties) = preSolution
		HideSolutionNode = FALSE
	EndGlobalSection
	GlobalSection(NestedProjects) = preSolution
		{97FD3A34-8129-453D-B913-5FFD0A36354E} = {2D5A8393-4B21-4DAE-AE42-C4CF3DB18B8E}
		{9008CDE8-F2DD-43F4-ABA4-A618F928CA76} = {97FD3A34-8129-453D-B913-5FFD0A36354E}
		{0DE21567-2B89-4411-BDFB-B396CB26ECA0} = {A8A46F9A-840E-4F42-A740-18F3039CA038}
		{8971DD8D-F351-4048-B3C4-A19E2930F6FF} = {2D5A8393-4B21-4DAE-AE42-C4CF3DB18B8E}
		{3374FD64-41B0-46A0-BD76-5901A34B4729} = {8971DD8D-F351-4048-B3C4-A19E2930F6FF}
		{6F2B606C-52F9-4782-8730-07EFFCD127A5} = {2D5A8393-4B21-4DAE-AE42-C4CF3DB18B8E}
		{B6469630-B1D1-4ABC-A75F-7CC03647CC05} = {6F2B606C-52F9-4782-8730-07EFFCD127A5}
		{D590A45D-D3AD-4369-A518-4BD14E746E8C} = {2D5A8393-4B21-4DAE-AE42-C4CF3DB18B8E}
		{B7B1EBBB-2E9E-48F0-A13E-BF8203B3B5B5} = {D590A45D-D3AD-4369-A518-4BD14E746E8C}
		{9FC1CD7F-F3EE-4BB2-9845-D7CCCA49A2E6} = {D590A45D-D3AD-4369-A518-4BD14E746E8C}
		{12BB7E40-1B65-4E24-A632-790A2CD658AA} = {D590A45D-D3AD-4369-A518-4BD14E746E8C}
		{34E2709F-E262-4D4E-BECC-8E4729B182F7} = {D590A45D-D3AD-4369-A518-4BD14E746E8C}
	EndGlobalSection
EndGlobal
