
Microsoft Visual Studio Solution File, Format Version 12.00
# Visual Studio Version 17
VisualStudioVersion = 17.12.35707.178
MinimumVisualStudioVersion = 10.0.40219.1
Project("{2150E333-8FDC-42A3-9474-1A3956D46DE8}") = "Services", "Services", "{2D5A8393-4B21-4DAE-AE42-C4CF3DB18B8E}"
EndProject
Project("{2150E333-8FDC-42A3-9474-1A3956D46DE8}") = "Catalog", "Catalog", "{97FD3A34-8129-453D-B913-5FFD0A36354E}"
EndProject
Project("{FAE04EC0-301F-11D3-BF4B-00C04F79EFBC}") = "Catalog.API", "src\Services\Catalog\Catalog.API\Catalog.API.csproj", "{9008CDE8-F2DD-43F4-ABA4-A618F928CA76}"
EndProject
Project("{2150E333-8FDC-42A3-9474-1A3956D46DE8}") = "BuildingBlocks", "BuildingBlocks", "{A8A46F9A-840E-4F42-A740-18F3039CA038}"
EndProject
Project("{FAE04EC0-301F-11D3-BF4B-00C04F79EFBC}") = "BuildingBlocks", "src\BuildingBlocks\BuildingBlocks\BuildingBlocks.csproj", "{0DE21567-2B89-4411-BDFB-B396CB26ECA0}"
EndProject
Project("{E53339B2-1760-4266-BCC7-CA923CBCF16C}") = "docker-compose", "docker-compose.dcproj", "{3C2E19BD-0B5F-4C31-85EB-3D68DB69ABAE}"
EndProject
Project("{2150E333-8FDC-42A3-9474-1A3956D46DE8}") = "Basket", "Basket", "{8971DD8D-F351-4048-B3C4-A19E2930F6FF}"
EndProject
Project("{FAE04EC0-301F-11D3-BF4B-00C04F79EFBC}") = "Basket.API", "src\Services\Basket\Basket.API\Basket.API.csproj", "{3374FD64-41B0-46A0-BD76-5901A34B4729}"
EndProject
Global
	GlobalSection(SolutionConfigurationPlatforms) = preSolution
		Debug|Any CPU = Debug|Any CPU
		Release|Any CPU = Release|Any CPU
	EndGlobalSection
	GlobalSection(ProjectConfigurationPlatforms) = postSolution
		{9008CDE8-F2DD-43F4-ABA4-A618F928CA76}.Debug|Any CPU.ActiveCfg = Debug|Any CPU
		{9008CDE8-F2DD-43F4-ABA4-A618F928CA76}.Debug|Any CPU.Build.0 = Debug|Any CPU
		{9008CDE8-F2DD-43F4-ABA4-A618F928CA76}.Release|Any CPU.ActiveCfg = Release|Any CPU
		{9008CDE8-F2DD-43F4-ABA4-A618F928CA76}.Release|Any CPU.Build.0 = Release|Any CPU
		{0DE21567-2B89-4411-BDFB-B396CB26ECA0}.Debug|Any CPU.ActiveCfg = Debug|Any CPU
		{0DE21567-2B89-4411-BDFB-B396CB26ECA0}.Debug|Any CPU.Build.0 = Debug|Any CPU
		{0DE21567-2B89-4411-BDFB-B396CB26ECA0}.Release|Any CPU.ActiveCfg = Release|Any CPU
		{0DE21567-2B89-4411-BDFB-B396CB26ECA0}.Release|Any CPU.Build.0 = Release|Any CPU
		{3C2E19BD-0B5F-4C31-85EB-3D68DB69ABAE}.Debug|Any CPU.ActiveCfg = Debug|Any CPU
		{3C2E19BD-0B5F-4C31-85EB-3D68DB69ABAE}.Debug|Any CPU.Build.0 = Debug|Any CPU
		{3C2E19BD-0B5F-4C31-85EB-3D68DB69ABAE}.Release|Any CPU.ActiveCfg = Release|Any CPU
		{3C2E19BD-0B5F-4C31-85EB-3D68DB69ABAE}.Release|Any CPU.Build.0 = Release|Any CPU
		{3374FD64-41B0-46A0-BD76-5901A34B4729}.Debug|Any CPU.ActiveCfg = Debug|Any CPU
		{3374FD64-41B0-46A0-BD76-5901A34B4729}.Debug|Any CPU.Build.0 = Debug|Any CPU
		{3374FD64-41B0-46A0-BD76-5901A34B4729}.Release|Any CPU.ActiveCfg = Release|Any CPU
		{3374FD64-41B0-46A0-BD76-5901A34B4729}.Release|Any CPU.Build.0 = Release|Any CPU
	EndGlobalSection
	GlobalSection(SolutionProperties) = preSolution
		HideSolutionNode = FALSE
	EndGlobalSection
	GlobalSection(NestedProjects) = preSolution
		{97FD3A34-8129-453D-B913-5FFD0A36354E} = {2D5A8393-4B21-4DAE-AE42-C4CF3DB18B8E}
		{9008CDE8-F2DD-43F4-ABA4-A618F928CA76} = {97FD3A34-8129-453D-B913-5FFD0A36354E}
		{0DE21567-2B89-4411-BDFB-B396CB26ECA0} = {A8A46F9A-840E-4F42-A740-18F3039CA038}
		{8971DD8D-F351-4048-B3C4-A19E2930F6FF} = {2D5A8393-4B21-4DAE-AE42-C4CF3DB18B8E}
		{3374FD64-41B0-46A0-BD76-5901A34B4729} = {8971DD8D-F351-4048-B3C4-A19E2930F6FF}
	EndGlobalSection
EndGlobal
